<?xml version="1.0" encoding="UTF-8"?>
<Scheme
   LastUpgradeVersion = "0710"
   version = "1.3">
   <BuildAction
      parallelizeBuildables = "YES"
      buildImplicitDependencies = "YES">
      <BuildActionEntries>
         <BuildActionEntry
            buildForTesting = "YES"
            buildForRunning = "YES"
            buildForProfiling = "YES"
            buildForArchiving = "YES"
            buildForAnalyzing = "YES">
            <BuildableReference
               BuildableIdentifier = "primary"
               BlueprintIdentifier = "B7BD39631BB59A83009F5FE8"
               BuildableName = "&#x411;&#x440;&#x43e;&#x434;.app"
               BlueprintName = "&#x411;&#x440;&#x43e;&#x434;"
               ReferencedContainer = "container:&#x411;&#x440;&#x43e;&#x434;.xcodeproj">
            </BuildableReference>
         </BuildActionEntry>
      </BuildActionEntries>
   </BuildAction>
   <TestAction
      buildConfiguration = "Debug"
      selectedDebuggerIdentifier = "Xcode.DebuggerFoundation.Debugger.LLDB"
      selectedLauncherIdentifier = "Xcode.DebuggerFoundation.Launcher.LLDB"
      shouldUseLaunchSchemeArgsEnv = "YES">
      <Testables>
         <TestableReference
            skipped = "NO">
            <BuildableReference
               BuildableIdentifier = "primary"
               BlueprintIdentifier = "B7BD39771BB59A83009F5FE8"
               BuildableName = "Brod AppTests.xctest"
               BlueprintName = "Brod AppTests"
               ReferencedContainer = "container:&#x411;&#x440;&#x43e;&#x434;.xcodeproj">
            </BuildableReference>
         </TestableReference>
         <TestableReference
            skipped = "NO">
            <BuildableReference
               BuildableIdentifier = "primary"
               BlueprintIdentifier = "B7BD39821BB59A84009F5FE8"
               BuildableName = "Brod AppUITests.xctest"
               BlueprintName = "Brod AppUITests"
               ReferencedContainer = "container:&#x411;&#x440;&#x43e;&#x434;.xcodeproj">
            </BuildableReference>
         </TestableReference>
         <TestableReference
            skipped = "NO">
            <BuildableReference
               BuildableIdentifier = "primary"
               BlueprintIdentifier = "B749FFCD1C26046B006F1B13"
               BuildableName = "Brod Tests.xctest"
               BlueprintName = "Brod Tests"
               ReferencedContainer = "container:&#x411;&#x440;&#x43e;&#x434;.xcodeproj">
            </BuildableReference>
         </TestableReference>
      </Testables>
      <MacroExpansion>
         <BuildableReference
            BuildableIdentifier = "primary"
            BlueprintIdentifier = "B7BD39631BB59A83009F5FE8"
            BuildableName = "&#x411;&#x440;&#x43e;&#x434;.app"
            BlueprintName = "&#x411;&#x440;&#x43e;&#x434;"
            ReferencedContainer = "container:&#x411;&#x440;&#x43e;&#x434;.xcodeproj">
         </BuildableReference>
      </MacroExpansion>
      <AdditionalOptions>
      </AdditionalOptions>
   </TestAction>
   <LaunchAction
      buildConfiguration = "Debug"
      selectedDebuggerIdentifier = "Xcode.DebuggerFoundation.Debugger.LLDB"
      selectedLauncherIdentifier = "Xcode.DebuggerFoundation.Launcher.LLDB"
      launchStyle = "0"
      useCustomWorkingDirectory = "NO"
      ignoresPersistentStateOnLaunch = "NO"
      debugDocumentVersioning = "YES"
      debugServiceExtension = "internal"
      allowLocationSimulation = "YES">
      <BuildableProductRunnable
         runnableDebuggingMode = "0">
         <BuildableReference
            BuildableIdentifier = "primary"
            BlueprintIdentifier = "B7BD39631BB59A83009F5FE8"
            BuildableName = "&#x411;&#x440;&#x43e;&#x434;.app"
            BlueprintName = "&#x411;&#x440;&#x43e;&#x434;"
            ReferencedContainer = "container:&#x411;&#x440;&#x43e;&#x434;.xcodeproj">
         </BuildableReference>
      </BuildableProductRunnable>
      <AdditionalOptions>
      </AdditionalOptions>
   </LaunchAction>
   <ProfileAction
      buildConfiguration = "Release"
      shouldUseLaunchSchemeArgsEnv = "YES"
      savedToolIdentifier = ""
      useCustomWorkingDirectory = "NO"
      debugDocumentVersioning = "YES">
      <BuildableProductRunnable
         runnableDebuggingMode = "0">
         <BuildableReference
            BuildableIdentifier = "primary"
            BlueprintIdentifier = "B7BD39631BB59A83009F5FE8"
            BuildableName = "&#x411;&#x440;&#x43e;&#x434;.app"
            BlueprintName = "&#x411;&#x440;&#x43e;&#x434;"
            ReferencedContainer = "container:&#x411;&#x440;&#x43e;&#x434;.xcodeproj">
         </BuildableReference>
      </BuildableProductRunnable>
   </ProfileAction>
   <AnalyzeAction
      buildConfiguration = "Debug">
   </AnalyzeAction>
   <ArchiveAction
      buildConfiguration = "Release"
      revealArchiveInOrganizer = "YES">
   </ArchiveAction>
</Scheme>
